// !$*UTF8*$!
{
	archiveVersion = 1;
	classes = {
	};
	objectVersion = 77;
	objects = {

/* Begin PBXContainerItemProxy section */
		7D30AD472F44695D006D67AF /* PBXContainerItemProxy */ = {
			isa = PBXContainerItemProxy;
			containerPortal = 7D30AD2D2F44695B006D67AF /* Project object */;
			proxyType = 1;
			remoteGlobalIDString = 7D30AD342F44695B006D67AF;
			remoteInfo = GromitOCR;
		};
		7D30AD512F44695D006D67AF /* PBXContainerItemProxy */ = {
			isa = PBXContainerItemProxy;
			containerPortal = 7D30AD2D2F44695B006D67AF /* Project object */;
			proxyType = 1;
			remoteGlobalIDString = 7D30AD342F44695B006D67AF;
			remoteInfo = GromitOCR;
		};
/* End PBXContainerItemProxy section */

/* Begin PBXFileReference section */
		7D30AD352F44695B006D67AF /* GromitOCR.app */ = {isa = PBXFileReference; explicitFileType = wrapper.application; includeInIndex = 0; path = GromitOCR.app; sourceTree = BUILT_PRODUCTS_DIR; };
		7D30AD462F44695D006D67AF /* GromitOCRTests.xctest */ = {isa = PBXFileReference; explicitFileType = wrapper.cfbundle; includeInIndex = 0; path = GromitOCRTests.xctest; sourceTree = BUILT_PRODUCTS_DIR; };
		7D30AD502F44695D006D67AF /* GromitOCRUITests.xctest */ = {isa = PBXFileReference; explicitFileType = wrapper.cfbundle; includeInIndex = 0; path = GromitOCRUITests.xctest; sourceTree = BUILT_PRODUCTS_DIR; };
/* End PBXFileReference section */

/* Begin PBXFileSystemSynchronizedRootGroup section */
		7D30AD372F44695B006D67AF /* GromitOCR */ = {
			isa = PBXFileSystemSynchronizedRootGroup;
			path = GromitOCR;
			sourceTree = "<group>";
		};
		7D30AD492F44695D006D67AF /* GromitOCRTests */ = {
			isa = PBXFileSystemSynchronizedRootGroup;
			path = GromitOCRTests;
			sourceTree = "<group>";
		};
		7D30AD532F44695D006D67AF /* GromitOCRUITests */ = {
			isa = PBXFileSystemSynchronizedRootGroup;
			path = GromitOCRUITests;
			sourceTree = "<group>";
		};
/* End PBXFileSystemSynchronizedRootGroup section */

/* Begin PBXFrameworksBuildPhase section */
		7D30AD322F44695B006D67AF /* Frameworks */ = {
			isa = PBXFrameworksBuildPhase;
			buildActionMask = 2147483647;
			files = (
			);
			runOnlyForDeploymentPostprocessing = 0;
		};
		7D30AD432F44695D006D67AF /* Frameworks */ = {
			isa = PBXFrameworksBuildPhase;
			buildActionMask = 2147483647;
			files = (
			);
			runOnlyForDeploymentPostprocessing = 0;
		};
		7D30AD4D2F44695D006D67AF /* Frameworks */ = {
			isa = PBXFrameworksBuildPhase;
			buildActionMask = 2147483647;
			files = (
			);
			runOnlyForDeploymentPostprocessing = 0;
		};
/* End PBXFrameworksBuildPhase section */

/* Begin PBXGroup section */
		7D30AD2C2F44695B006D67AF = {
			isa = PBXGroup;
			children = (
				7D30AD372F44695B006D67AF /* GromitOCR */,
				7D30AD492F44695D006D67AF /* GromitOCRTests */,
				7D30AD532F44695D006D67AF /* GromitOCRUITests */,
				7D30AD362F44695B006D67AF /* Products */,
			);
			sourceTree = "<group>";
		};
		7D30AD362F44695B006D67AF /* Products */ = {
			isa = PBXGroup;
			children = (
				7D30AD352F44695B006D67AF /* GromitOCR.app */,
				7D30AD462F44695D006D67AF /* GromitOCRTests.xctest */,
				7D30AD502F44695D006D67AF /* GromitOCRUITests.xctest */,
			);
			name = Products;
			sourceTree = "<group>";
		};
/* End PBXGroup section */

/* Begin PBXNativeTarget section */
		7D30AD342F44695B006D67AF /* GromitOCR */ = {
			isa = PBXNativeTarget;
			buildConfigurationList = 7D30AD5A2F44695D006D67AF /* Build configuration list for PBXNativeTarget "GromitOCR" */;
			buildPhases = (
				7D30AD312F44695B006D67AF /* Sources */,
				7D30AD322F44695B006D67AF /* Frameworks */,
				7D30AD332F44695B006D67AF /* Resources */,
			);
			buildRules = (
			);
			dependencies = (
			);
			fileSystemSynchronizedGroups = (
				7D30AD372F44695B006D67AF /* GromitOCR */,
			);
			name = GromitOCR;
			packageProductDependencies = (
			);
			productName = GromitOCR;
			productReference = 7D30AD352F44695B006D67AF /* GromitOCR.app */;
			productType = "com.apple.product-type.application";
		};
		7D30AD452F44695D006D67AF /* GromitOCRTests */ = {
			isa = PBXNativeTarget;
			buildConfigurationList = 7D30AD5D2F44695D006D67AF /* Build configuration list for PBXNativeTarget "GromitOCRTests" */;
			buildPhases = (
				7D30AD422F44695D006D67AF /* Sources */,
				7D30AD432F44695D006D67AF /* Frameworks */,
				7D30AD442F44695D006D67AF /* Resources */,
			);
			buildRules = (
			);
			dependencies = (
				7D30AD482F44695D006D67AF /* PBXTargetDependency */,
			);
			fileSystemSynchronizedGroups = (
				7D30AD492F44695D006D67AF /* GromitOCRTests */,
			);
			name = GromitOCRTests;
			packageProductDependencies = (
			);
			productName = GromitOCRTests;
			productReference = 7D30AD462F44695D006D67AF /* GromitOCRTests.xctest */;
			productType = "com.apple.product-type.bundle.unit-test";
		};
		7D30AD4F2F44695D006D67AF /* GromitOCRUITests */ = {
			isa = PBXNativeTarget;
			buildConfigurationList = 7D30AD602F44695D006D67AF /* Build configuration list for PBXNativeTarget "GromitOCRUITests" */;
			buildPhases = (
				7D30AD4C2F44695D006D67AF /* Sources */,
				7D30AD4D2F44695D006D67AF /* Frameworks */,
				7D30AD4E2F44695D006D67AF /* Resources */,
			);
			buildRules = (
			);
			dependencies = (
				7D30AD522F44695D006D67AF /* PBXTargetDependency */,
			);
			fileSystemSynchronizedGroups = (
				7D30AD532F44695D006D67AF /* GromitOCRUITests */,
			);
			name = GromitOCRUITests;
			packageProductDependencies = (
			);
			productName = GromitOCRUITests;
			productReference = 7D30AD502F44695D006D67AF /* GromitOCRUITests.xctest */;
			productType = "com.apple.product-type.bundle.ui-testing";
		};
/* End PBXNativeTarget section */

/* Begin PBXProject section */
		7D30AD2D2F44695B006D67AF /* Project object */ = {
			isa = PBXProject;
			attributes = {
				BuildIndependentTargetsInParallel = 1;
				LastSwiftUpdateCheck = 1620;
				LastUpgradeCheck = 1620;
				TargetAttributes = {
					7D30AD342F44695B006D67AF = {
						CreatedOnToolsVersion = 16.2;
						LastSwiftMigration = 1620;
					};
					7D30AD452F44695D006D67AF = {
						CreatedOnToolsVersion = 16.2;
						TestTargetID = 7D30AD342F44695B006D67AF;
					};
					7D30AD4F2F44695D006D67AF = {
						CreatedOnToolsVersion = 16.2;
						TestTargetID = 7D30AD342F44695B006D67AF;
					};
				};
			};
			buildConfigurationList = 7D30AD302F44695B006D67AF /* Build configuration list for PBXProject "GromitOCR" */;
			developmentRegion = en;
			hasScannedForEncodings = 0;
			knownRegions = (
				en,
				Base,
			);
			mainGroup = 7D30AD2C2F44695B006D67AF;
			minimizedProjectReferenceProxies = 1;
			preferredProjectObjectVersion = 77;
			productRefGroup = 7D30AD362F44695B006D67AF /* Products */;
			projectDirPath = "";
			projectRoot = "";
			targets = (
				7D30AD342F44695B006D67AF /* GromitOCR */,
				7D30AD452F44695D006D67AF /* GromitOCRTests */,
				7D30AD4F2F44695D006D67AF /* GromitOCRUITests */,
			);
		};
/* End PBXProject section */

/* Begin PBXResourcesBuildPhase section */
		7D30AD332F44695B006D67AF /* Resources */ = {
			isa = PBXResourcesBuildPhase;
			buildActionMask = 2147483647;
			files = (
			);
			runOnlyForDeploymentPostprocessing = 0;
		};
		7D30AD442F44695D006D67AF /* Resources */ = {
			isa = PBXResourcesBuildPhase;
			buildActionMask = 2147483647;
			files = (
			);
			runOnlyForDeploymentPostprocessing = 0;
		};
		7D30AD4E2F44695D006D67AF /* Resources */ = {
			isa = PBXResourcesBuildPhase;
			buildActionMask = 2147483647;
			files = (
			);
			runOnlyForDeploymentPostprocessing = 0;
		};
/* End PBXResourcesBuildPhase section */

/* Begin PBXSourcesBuildPhase section */
		7D30AD312F44695B006D67AF /* Sources */ = {
			isa = PBXSourcesBuildPhase;
			buildActionMask = 2147483647;
			files = (
			);
			runOnlyForDeploymentPostprocessing = 0;
		};
		7D30AD422F44695D006D67AF /* Sources */ = {
			isa = PBXSourcesBuildPhase;
			buildActionMask = 2147483647;
			files = (
			);
			runOnlyForDeploymentPostprocessing = 0;
		};
		7D30AD4C2F44695D006D67AF /* Sources */ = {
			isa = PBXSourcesBuildPhase;
			buildActionMask = 2147483647;
			files = (
			);
			runOnlyForDeploymentPostprocessing = 0;
		};
/* End PBXSourcesBuildPhase section */

/* Begin PBXTargetDependency section */
		7D30AD482F44695D006D67AF /* PBXTargetDependency */ = {
			isa = PBXTargetDependency;
			target = 7D30AD342F44695B006D67AF /* GromitOCR */;
			targetProxy = 7D30AD472F44695D006D67AF /* PBXContainerItemProxy */;
		};
		7D30AD522F44695D006D67AF /* PBXTargetDependency */ = {
			isa = PBXTargetDependency;
			target = 7D30AD342F44695B006D67AF /* GromitOCR */;
			targetProxy = 7D30AD512F44695D006D67AF /* PBXContainerItemProxy */;
		};
/* End PBXTargetDependency section */

/* Begin XCBuildConfiguration section */
		7D30AD582F44695D006D67AF /* Debug */ = {
			isa = XCBuildConfiguration;
			buildSettings = {
				ALWAYS_SEARCH_USER_PATHS = NO;
				ASSETCATALOG_COMPILER_GENERATE_SWIFT_ASSET_SYMBOL_EXTENSIONS = YES;
				CLANG_ANALYZER_NONNULL = YES;
				CLANG_ANALYZER_NUMBER_OBJECT_CONVERSION = YES_AGGRESSIVE;
				CLANG_CXX_LANGUAGE_STANDARD = "gnu++20";
				CLANG_ENABLE_MODULES = YES;
				CLANG_ENABLE_OBJC_ARC = YES;
				CLANG_ENABLE_OBJC_WEAK = YES;
				CLANG_WARN_BLOCK_CAPTURE_AUTORELEASING = YES;
				CLANG_WARN_BOOL_CONVERSION = YES;
				CLANG_WARN_COMMA = YES;
				CLANG_WARN_CONSTANT_CONVERSION = YES;
				CLANG_WARN_DEPRECATED_OBJC_IMPLEMENTATIONS = YES;
				CLANG_WARN_DIRECT_OBJC_ISA_USAGE = YES_ERROR;
				CLANG_WARN_DOCUMENTATION_COMMENTS = YES;
				CLANG_WARN_EMPTY_BODY = YES;
				CLANG_WARN_ENUM_CONVERSION = YES;
				CLANG_WARN_INFINITE_RECURSION = YES;
				CLANG_WARN_INT_CONVERSION = YES;
				CLANG_WARN_NON_LITERAL_NULL_CONVERSION = YES;
				CLANG_WARN_OBJC_IMPLICIT_RETAIN_SELF = YES;
				CLANG_WARN_OBJC_LITERAL_CONVERSION = YES;
				CLANG_WARN_OBJC_ROOT_CLASS = YES_ERROR;
				CLANG_WARN_QUOTED_INCLUDE_IN_FRAMEWORK_HEADER = YES;
				CLANG_WARN_RANGE_LOOP_ANALYSIS = YES;
				CLANG_WARN_STRICT_PROTOTYPES = YES;
				CLANG_WARN_SUSPICIOUS_MOVE = YES;
				CLANG_WARN_UNGUARDED_AVAILABILITY = YES_AGGRESSIVE;
				CLANG_WARN_UNREACHABLE_CODE = YES;
				CLANG_WARN__DUPLICATE_METHOD_MATCH = YES;
				COPY_PHASE_STRIP = NO;
				DEBUG_INFORMATION_FORMAT = dwarf;
				ENABLE_STRICT_OBJC_MSGSEND = YES;
				ENABLE_TESTABILITY = YES;
				ENABLE_USER_SCRIPT_SANDBOXING = YES;
				GCC_C_LANGUAGE_STANDARD = gnu17;
				GCC_DYNAMIC_NO_PIC = NO;
				GCC_NO_COMMON_BLOCKS = YES;
				GCC_OPTIMIZATION_LEVEL = 0;
				GCC_PREPROCESSOR_DEFINITIONS = (
					"DEBUG=1",
					"$(inherited)",
				);
				GCC_WARN_64_TO_32_BIT_CONVERSION = YES;
				GCC_WARN_ABOUT_RETURN_TYPE = YES_ERROR;
				GCC_WARN_UNDECLARED_SELECTOR = YES;
				GCC_WARN_UNINITIALIZED_AUTOS = YES_AGGRESSIVE;
				GCC_WARN_UNUSED_FUNCTION = YES;
				GCC_WARN_UNUSED_VARIABLE = YES;
				LOCALIZATION_PREFERS_STRING_CATALOGS = YES;
				MACOSX_DEPLOYMENT_TARGET = 15.2;
				MTL_ENABLE_DEBUG_INFO = INCLUDE_SOURCE;
				MTL_FAST_MATH = YES;
				ONLY_ACTIVE_ARCH = YES;
				SDKROOT = macosx;
				SWIFT_ACTIVE_COMPILATION_CONDITIONS = "DEBUG $(inherited)";
				SWIFT_OPTIMIZATION_LEVEL = "-Onone";
			};
			name = Debug;
		};
		7D30AD592F44695D006D67AF /* Release */ = {
			isa = XCBuildConfiguration;
			buildSettings = {
				ALWAYS_SEARCH_USER_PATHS = NO;
				ASSETCATALOG_COMPILER_GENERATE_SWIFT_ASSET_SYMBOL_EXTENSIONS = YES;
				CLANG_ANALYZER_NONNULL = YES;
				CLANG_ANALYZER_NUMBER_OBJECT_CONVERSION = YES_AGGRESSIVE;
				CLANG_CXX_LANGUAGE_STANDARD = "gnu++20";
				CLANG_ENABLE_MODULES = YES;
				CLANG_ENABLE_OBJC_ARC = YES;
				CLANG_ENABLE_OBJC_WEAK = YES;
				CLANG_WARN_BLOCK_CAPTURE_AUTORELEASING = YES;
				CLANG_WARN_BOOL_CONVERSION = YES;
				CLANG_WARN_COMMA = YES;
				CLANG_WARN_CONSTANT_CONVERSION = YES;
				CLANG_WARN_DEPRECATED_OBJC_IMPLEMENTATIONS = YES;
				CLANG_WARN_DIRECT_OBJC_ISA_USAGE = YES_ERROR;
				CLANG_WARN_DOCUMENTATION_COMMENTS = YES;
				CLANG_WARN_EMPTY_BODY = YES;
				CLANG_WARN_ENUM_CONVERSION = YES;
				CLANG_WARN_INFINITE_RECURSION = YES;
				CLANG_WARN_INT_CONVERSION = YES;
				CLANG_WARN_NON_LITERAL_NULL_CONVERSION = YES;
				CLANG_WARN_OBJC_IMPLICIT_RETAIN_SELF = YES;
				CLANG_WARN_OBJC_LITERAL_CONVERSION = YES;
				CLANG_WARN_OBJC_ROOT_CLASS = YES_ERROR;
				CLANG_WARN_QUOTED_INCLUDE_IN_FRAMEWORK_HEADER = YES;
				CLANG_WARN_RANGE_LOOP_ANALYSIS = YES;
				CLANG_WARN_STRICT_PROTOTYPES = YES;
				CLANG_WARN_SUSPICIOUS_MOVE = YES;
				CLANG_WARN_UNGUARDED_AVAILABILITY = YES_AGGRESSIVE;
				CLANG_WARN_UNREACHABLE_CODE = YES;
				CLANG_WARN__DUPLICATE_METHOD_MATCH = YES;
				COPY_PHASE_STRIP = NO;
				DEBUG_INFORMATION_FORMAT = "dwarf-with-dsym";
				ENABLE_NS_ASSERTIONS = NO;
				ENABLE_STRICT_OBJC_MSGSEND = YES;
				ENABLE_USER_SCRIPT_SANDBOXING = YES;
				GCC_C_LANGUAGE_STANDARD = gnu17;
				GCC_NO_COMMON_BLOCKS = YES;
				GCC_WARN_64_TO_32_BIT_CONVERSION = YES;
				GCC_WARN_ABOUT_RETURN_TYPE = YES_ERROR;
				GCC_WARN_UNDECLARED_SELECTOR = YES;
				GCC_WARN_UNINITIALIZED_AUTOS = YES_AGGRESSIVE;
				GCC_WARN_UNUSED_FUNCTION = YES;
				GCC_WARN_UNUSED_VARIABLE = YES;
				LOCALIZATION_PREFERS_STRING_CATALOGS = YES;
				MACOSX_DEPLOYMENT_TARGET = 15.2;
				MTL_ENABLE_DEBUG_INFO = NO;
				MTL_FAST_MATH = YES;
				SDKROOT = macosx;
				SWIFT_COMPILATION_MODE = wholemodule;
			};
			name = Release;
		};
		7D30AD5B2F44695D006D67AF /* Debug */ = {
			isa = XCBuildConfiguration;
			buildSettings = {
				ASSETCATALOG_COMPILER_APPICON_NAME = AppIcon;
				ASSETCATALOG_COMPILER_GLOBAL_ACCENT_COLOR_NAME = AccentColor;
				CLANG_ENABLE_MODULES = YES;
				CODE_SIGN_ENTITLEMENTS = GromitOCR/GromitOCR.entitlements;
				CODE_SIGN_STYLE = Automatic;
				COMBINE_HIDPI_IMAGES = YES;
				CURRENT_PROJECT_VERSION = 1;
				DEVELOPMENT_TEAM = M9T949TUTL;
				ENABLE_HARDENED_RUNTIME = YES;
				GENERATE_INFOPLIST_FILE = YES;
				INFOPLIST_KEY_LSApplicationCategoryType = "public.app-category.utilities";
				INFOPLIST_KEY_LSUIElement = YES;
				INFOPLIST_KEY_NSHumanReadableCopyright = "";
				INFOPLIST_KEY_NSMainStoryboardFile = Main;
				INFOPLIST_KEY_NSPrincipalClass = NSApplication;
				LD_RUNPATH_SEARCH_PATHS = (
					"$(inherited)",
					"@executable_path/../Frameworks",
				);
				MARKETING_VERSION = 1.0;
				PRODUCT_BUNDLE_IDENTIFIER = com.csds.GromitOCR;
				PRODUCT_NAME = "$(TARGET_NAME)";
				SWIFT_EMIT_LOC_STRINGS = YES;
				SWIFT_OPTIMIZATION_LEVEL = "-Onone";
				SWIFT_VERSION = 5.0;
			};
			name = Debug;
		};
		7D30AD5C2F44695D006D67AF /* Release */ = {
			isa = XCBuildConfiguration;
			buildSettings = {
				ASSETCATALOG_COMPILER_APPICON_NAME = AppIcon;
				ASSETCATALOG_COMPILER_GLOBAL_ACCENT_COLOR_NAME = AccentColor;
				CLANG_ENABLE_MODULES = YES;
				CODE_SIGN_ENTITLEMENTS = GromitOCR/GromitOCR.entitlements;
				CODE_SIGN_STYLE = Automatic;
				COMBINE_HIDPI_IMAGES = YES;
				CURRENT_PROJECT_VERSION = 1;
				DEVELOPMENT_TEAM = M9T949TUTL;
				ENABLE_HARDENED_RUNTIME = YES;
				GENERATE_INFOPLIST_FILE = YES;
				INFOPLIST_KEY_LSApplicationCategoryType = "public.app-category.utilities";
				INFOPLIST_KEY_LSUIElement = YES;
				INFOPLIST_KEY_NSHumanReadableCopyright = "";
				INFOPLIST_KEY_NSMainStoryboardFile = Main;
				INFOPLIST_KEY_NSPrincipalClass = NSApplication;
				LD_RUNPATH_SEARCH_PATHS = (
					"$(inherited)",
					"@executable_path/../Frameworks",
				);
				MARKETING_VERSION = 1.0;
				PRODUCT_BUNDLE_IDENTIFIER = com.csds.GromitOCR;
				PRODUCT_NAME = "$(TARGET_NAME)";
				SWIFT_EMIT_LOC_STRINGS = YES;
				SWIFT_VERSION = 5.0;
			};
			name = Release;
		};
		7D30AD5E2F44695D006D67AF /* Debug */ = {
			isa = XCBuildConfiguration;
			buildSettings = {
				BUNDLE_LOADER = "$(TEST_HOST)";
				CODE_SIGN_STYLE = Automatic;
				CURRENT_PROJECT_VERSION = 1;
				DEVELOPMENT_TEAM = M9T949TUTL;
				GENERATE_INFOPLIST_FILE = YES;
				MACOSX_DEPLOYMENT_TARGET = 15.2;
				MARKETING_VERSION = 1.0;
				PRODUCT_BUNDLE_IDENTIFIER = com.csds.GromitOCRTests;
				PRODUCT_NAME = "$(TARGET_NAME)";
				SWIFT_EMIT_LOC_STRINGS = NO;
				SWIFT_VERSION = 5.0;
				TEST_HOST = "$(BUILT_PRODUCTS_DIR)/GromitOCR.app/$(BUNDLE_EXECUTABLE_FOLDER_PATH)/GromitOCR";
			};
			name = Debug;
		};
		7D30AD5F2F44695D006D67AF /* Release */ = {
			isa = XCBuildConfiguration;
			buildSettings = {
				BUNDLE_LOADER = "$(TEST_HOST)";
				CODE_SIGN_STYLE = Automatic;
				CURRENT_PROJECT_VERSION = 1;
				DEVELOPMENT_TEAM = M9T949TUTL;
				GENERATE_INFOPLIST_FILE = YES;
				MACOSX_DEPLOYMENT_TARGET = 15.2;
				MARKETING_VERSION = 1.0;
				PRODUCT_BUNDLE_IDENTIFIER = com.csds.GromitOCRTests;
				PRODUCT_NAME = "$(TARGET_NAME)";
				SWIFT_EMIT_LOC_STRINGS = NO;
				SWIFT_VERSION = 5.0;
				TEST_HOST = "$(BUILT_PRODUCTS_DIR)/GromitOCR.app/$(BUNDLE_EXECUTABLE_FOLDER_PATH)/GromitOCR";
			};
			name = Release;
		};
		7D30AD612F44695D006D67AF /* Debug */ = {
			isa = XCBuildConfiguration;
			buildSettings = {
				CODE_SIGN_STYLE = Automatic;
				CURRENT_PROJECT_VERSION = 1;
				DEVELOPMENT_TEAM = M9T949TUTL;
				GENERATE_INFOPLIST_FILE = YES;
				MARKETING_VERSION = 1.0;
				PRODUCT_BUNDLE_IDENTIFIER = com.csds.GromitOCRUITests;
				PRODUCT_NAME = "$(TARGET_NAME)";
				SWIFT_EMIT_LOC_STRINGS = NO;
				SWIFT_VERSION = 5.0;
				TEST_TARGET_NAME = GromitOCR;
			};
			name = Debug;
		};
		7D30AD622F44695D006D67AF /* Release */ = {
			isa = XCBuildConfiguration;
			buildSettings = {
				CODE_SIGN_STYLE = Automatic;
				CURRENT_PROJECT_VERSION = 1;
				DEVELOPMENT_TEAM = M9T949TUTL;
				GENERATE_INFOPLIST_FILE = YES;
				MARKETING_VERSION = 1.0;
				PRODUCT_BUNDLE_IDENTIFIER = com.csds.GromitOCRUITests;
				PRODUCT_NAME = "$(TARGET_NAME)";
				SWIFT_EMIT_LOC_STRINGS = NO;
				SWIFT_VERSION = 5.0;
				TEST_TARGET_NAME = GromitOCR;
			};
			name = Release;
		};
/* End XCBuildConfiguration section */

/* Begin XCConfigurationList section */
		7D30AD302F44695B006D67AF /* Build configuration list for PBXProject "GromitOCR" */ = {
			isa = XCConfigurationList;
			buildConfigurations = (
				7D30AD582F44695D006D67AF /* Debug */,
				7D30AD592F44695D006D67AF /* Release */,
			);
			defaultConfigurationIsVisible = 0;
			defaultConfigurationName = Release;
		};
		7D30AD5A2F44695D006D67AF /* Build configuration list for PBXNativeTarget "GromitOCR" */ = {
			isa = XCConfigurationList;
			buildConfigurations = (
				7D30AD5B2F44695D006D67AF /* Debug */,
				7D30AD5C2F44695D006D67AF /* Release */,
			);
			defaultConfigurationIsVisible = 0;
			defaultConfigurationName = Release;
		};
		7D30AD5D2F44695D006D67AF /* Build configuration list for PBXNativeTarget "GromitOCRTests" */ = {
			isa = XCConfigurationList;
			buildConfigurations = (
				7D30AD5E2F44695D006D67AF /* Debug */,
				7D30AD5F2F44695D006D67AF /* Release */,
			);
			defaultConfigurationIsVisible = 0;
			defaultConfigurationName = Release;
		};
		7D30AD602F44695D006D67AF /* Build configuration list for PBXNativeTarget "GromitOCRUITests" */ = {
			isa = XCConfigurationList;
			buildConfigurations = (
				7D30AD612F44695D006D67AF /* Debug */,
				7D30AD622F44695D006D67AF /* Release */,
			);
			defaultConfigurationIsVisible = 0;
			defaultConfigurationName = Release;
		};
/* End XCConfigurationList section */
	};
	rootObject = 7D30AD2D2F44695B006D67AF /* Project object */;
}
